
Microsoft Visual Studio Solution File, Format Version 12.00
# Visual Studio Version 16
VisualStudioVersion = 16.0.30320.27
MinimumVisualStudioVersion = 10.0.40219.1
Project("{9A19103F-16F7-4668-BE54-9A1E7A4F7556}") = "Task2", "Task2\Task2.csproj", "{A0214997-0BFB-4713-A661-A0301017A85E}"
EndProject
Project("{9A19103F-16F7-4668-BE54-9A1E7A4F7556}") = "Task3", "Task3\Task3.csproj", "{63AE2421-12CD-4189-BD19-0831D023BF91}"
EndProject
Project("{9A19103F-16F7-4668-BE54-9A1E7A4F7556}") = "Task4", "Task4\Task4.csproj", "{33CD9B7D-1ED7-41C4-AD14-352DD5DC3CD9}"
EndProject
Project("{9A19103F-16F7-4668-BE54-9A1E7A4F7556}") = "Task5", "Task5\Task5.csproj", "{A9D3A900-2BB1-428D-91F4-3FE270F735F3}"
EndProject
Project("{FAE04EC0-301F-11D3-BF4B-00C04F79EFBC}") = "Task1", "Task1\Task1.csproj", "{B757FF74-8D5A-46CB-A287-09CDCB82B5B2}"
EndProject
Global
	GlobalSection(SolutionConfigurationPlatforms) = preSolution
		Debug|Any CPU = Debug|Any CPU
		Release|Any CPU = Release|Any CPU
	EndGlobalSection
	GlobalSection(ProjectConfigurationPlatforms) = postSolution
		{A0214997-0BFB-4713-A661-A0301017A85E}.Debug|Any CPU.ActiveCfg = Debug|Any CPU
		{A0214997-0BFB-4713-A661-A0301017A85E}.Debug|Any CPU.Build.0 = Debug|Any CPU
		{A0214997-0BFB-4713-A661-A0301017A85E}.Release|Any CPU.ActiveCfg = Release|Any CPU
		{A0214997-0BFB-4713-A661-A0301017A85E}.Release|Any CPU.Build.0 = Release|Any CPU
		{63AE2421-12CD-4189-BD19-0831D023BF91}.Debug|Any CPU.ActiveCfg = Debug|Any CPU
		{63AE2421-12CD-4189-BD19-0831D023BF91}.Debug|Any CPU.Build.0 = Debug|Any CPU
		{63AE2421-12CD-4189-BD19-0831D023BF91}.Release|Any CPU.ActiveCfg = Release|Any CPU
		{63AE2421-12CD-4189-BD19-0831D023BF91}.Release|Any CPU.Build.0 = Release|Any CPU
		{33CD9B7D-1ED7-41C4-AD14-352DD5DC3CD9}.Debug|Any CPU.ActiveCfg = Debug|Any CPU
		{33CD9B7D-1ED7-41C4-AD14-352DD5DC3CD9}.Debug|Any CPU.Build.0 = Debug|Any CPU
		{33CD9B7D-1ED7-41C4-AD14-352DD5DC3CD9}.Release|Any CPU.ActiveCfg = Release|Any CPU
		{33CD9B7D-1ED7-41C4-AD14-352DD5DC3CD9}.Release|Any CPU.Build.0 = Release|Any CPU
		{A9D3A900-2BB1-428D-91F4-3FE270F735F3}.Debug|Any CPU.ActiveCfg = Debug|Any CPU
		{A9D3A900-2BB1-428D-91F4-3FE270F735F3}.Debug|Any CPU.Build.0 = Debug|Any CPU
		{A9D3A900-2BB1-428D-91F4-3FE270F735F3}.Release|Any CPU.ActiveCfg = Release|Any CPU
		{A9D3A900-2BB1-428D-91F4-3FE270F735F3}.Release|Any CPU.Build.0 = Release|Any CPU
		{B757FF74-8D5A-46CB-A287-09CDCB82B5B2}.Debug|Any CPU.ActiveCfg = Debug|Any CPU
		{B757FF74-8D5A-46CB-A287-09CDCB82B5B2}.Debug|Any CPU.Build.0 = Debug|Any CPU
		{B757FF74-8D5A-46CB-A287-09CDCB82B5B2}.Release|Any CPU.ActiveCfg = Release|Any CPU
		{B757FF74-8D5A-46CB-A287-09CDCB82B5B2}.Release|Any CPU.Build.0 = Release|Any CPU
	EndGlobalSection
	GlobalSection(SolutionProperties) = preSolution
		HideSolutionNode = FALSE
	EndGlobalSection
	GlobalSection(ExtensibilityGlobals) = postSolution
		SolutionGuid = {012C6988-C81C-4EE1-8004-09F68EF1100A}
	EndGlobalSection
EndGlobal
